// !$*UTF8*$!
{
	archiveVersion = 1;
	classes = {
	};
	objectVersion = 56;
	objects = {

/* Begin PBXBuildFile section */
		B00000000000000000000001 /* AppModel.swift in Sources */ = {isa = PBXBuildFile; fileRef = C00000000000000000000001 /* AppModel.swift */; };
		B00000000000000000000002 /* ClipboardHistoryEncryption.swift in Sources */ = {isa = PBXBuildFile; fileRef = C00000000000000000000002 /* ClipboardHistoryEncryption.swift */; };
		B00000000000000000000003 /* ClipboardHistoryLayout.swift in Sources */ = {isa = PBXBuildFile; fileRef = C00000000000000000000003 /* ClipboardHistoryLayout.swift */; };
		B00000000000000000000004 /* ClipboardHistoryPanelController.swift in Sources */ = {isa = PBXBuildFile; fileRef = C00000000000000000000004 /* ClipboardHistoryPanelController.swift */; };
		B00000000000000000000005 /* ClipboardHistoryView.swift in Sources */ = {isa = PBXBuildFile; fileRef = C00000000000000000000005 /* ClipboardHistoryView.swift */; };
		B00000000000000000000006 /* ClipboardItem.swift in Sources */ = {isa = PBXBuildFile; fileRef = C00000000000000000000006 /* ClipboardItem.swift */; };
		B00000000000000000000007 /* ClipboardStore.swift in Sources */ = {isa = PBXBuildFile; fileRef = C00000000000000000000007 /* ClipboardStore.swift */; };
		B00000000000000000000008 /* CopyPasteApp.swift in Sources */ = {isa = PBXBuildFile; fileRef = C00000000000000000000008 /* CopyPasteApp.swift */; };
		B00000000000000000000009 /* HistoryWindowSupport.swift in Sources */ = {isa = PBXBuildFile; fileRef = C00000000000000000000009 /* HistoryWindowSupport.swift */; };
		B00000000000000000000010 /* HotkeyManager.swift in Sources */ = {isa = PBXBuildFile; fileRef = C00000000000000000000010 /* HotkeyManager.swift */; };
		B00000000000000000000011 /* LaunchAtLoginController.swift in Sources */ = {isa = PBXBuildFile; fileRef = C00000000000000000000011 /* LaunchAtLoginController.swift */; };
		B00000000000000000000012 /* PasteController.swift in Sources */ = {isa = PBXBuildFile; fileRef = C00000000000000000000012 /* PasteController.swift */; };
		B00000000000000000000013 /* PasteMode.swift in Sources */ = {isa = PBXBuildFile; fileRef = C00000000000000000000013 /* PasteMode.swift */; };
		B00000000000000000000014 /* SettingsView.swift in Sources */ = {isa = PBXBuildFile; fileRef = C00000000000000000000014 /* SettingsView.swift */; };
		B00000000000000000000015 /* SingleInstanceController.swift in Sources */ = {isa = PBXBuildFile; fileRef = C00000000000000000000015 /* SingleInstanceController.swift */; };
		B00000000000000000000016 /* AppIcon.icns in Resources */ = {isa = PBXBuildFile; fileRef = C00000000000000000000016 /* AppIcon.icns */; };
		B00000000000000000000017 /* CopyPasteLauncher.swift in Sources */ = {isa = PBXBuildFile; fileRef = C00000000000000000000019 /* CopyPasteLauncher.swift */; };
/* End PBXBuildFile section */

/* Begin PBXFileReference section */
		C00000000000000000000001 /* AppModel.swift */ = {isa = PBXFileReference; lastKnownFileType = sourcecode.swift; path = AppModel.swift; sourceTree = "<group>"; };
		C00000000000000000000002 /* ClipboardHistoryEncryption.swift */ = {isa = PBXFileReference; lastKnownFileType = sourcecode.swift; path = ClipboardHistoryEncryption.swift; sourceTree = "<group>"; };
		C00000000000000000000003 /* ClipboardHistoryLayout.swift */ = {isa = PBXFileReference; lastKnownFileType = sourcecode.swift; path = ClipboardHistoryLayout.swift; sourceTree = "<group>"; };
		C00000000000000000000004 /* ClipboardHistoryPanelController.swift */ = {isa = PBXFileReference; lastKnownFileType = sourcecode.swift; path = ClipboardHistoryPanelController.swift; sourceTree = "<group>"; };
		C00000000000000000000005 /* ClipboardHistoryView.swift */ = {isa = PBXFileReference; lastKnownFileType = sourcecode.swift; path = ClipboardHistoryView.swift; sourceTree = "<group>"; };
		C00000000000000000000006 /* ClipboardItem.swift */ = {isa = PBXFileReference; lastKnownFileType = sourcecode.swift; path = ClipboardItem.swift; sourceTree = "<group>"; };
		C00000000000000000000007 /* ClipboardStore.swift */ = {isa = PBXFileReference; lastKnownFileType = sourcecode.swift; path = ClipboardStore.swift; sourceTree = "<group>"; };
		C00000000000000000000008 /* CopyPasteApp.swift */ = {isa = PBXFileReference; lastKnownFileType = sourcecode.swift; path = CopyPasteApp.swift; sourceTree = "<group>"; };
		C00000000000000000000009 /* HistoryWindowSupport.swift */ = {isa = PBXFileReference; lastKnownFileType = sourcecode.swift; path = HistoryWindowSupport.swift; sourceTree = "<group>"; };
		C00000000000000000000010 /* HotkeyManager.swift */ = {isa = PBXFileReference; lastKnownFileType = sourcecode.swift; path = HotkeyManager.swift; sourceTree = "<group>"; };
		C00000000000000000000011 /* LaunchAtLoginController.swift */ = {isa = PBXFileReference; lastKnownFileType = sourcecode.swift; path = LaunchAtLoginController.swift; sourceTree = "<group>"; };
		C00000000000000000000012 /* PasteController.swift */ = {isa = PBXFileReference; lastKnownFileType = sourcecode.swift; path = PasteController.swift; sourceTree = "<group>"; };
		C00000000000000000000013 /* PasteMode.swift */ = {isa = PBXFileReference; lastKnownFileType = sourcecode.swift; path = PasteMode.swift; sourceTree = "<group>"; };
		C00000000000000000000014 /* SettingsView.swift */ = {isa = PBXFileReference; lastKnownFileType = sourcecode.swift; path = SettingsView.swift; sourceTree = "<group>"; };
		C00000000000000000000015 /* SingleInstanceController.swift */ = {isa = PBXFileReference; lastKnownFileType = sourcecode.swift; path = SingleInstanceController.swift; sourceTree = "<group>"; };
		C00000000000000000000016 /* AppIcon.icns */ = {isa = PBXFileReference; lastKnownFileType = image.icns; path = AppIcon.icns; sourceTree = "<group>"; };
		C00000000000000000000017 /* Info.plist */ = {isa = PBXFileReference; lastKnownFileType = text.plist.xml; path = Info.plist; sourceTree = "<group>"; };
		C00000000000000000000018 /* CopyPaste.app */ = {isa = PBXFileReference; explicitFileType = wrapper.application; includeInIndex = 0; path = CopyPaste.app; sourceTree = BUILT_PRODUCTS_DIR; };
		C00000000000000000000019 /* CopyPasteLauncher.swift */ = {isa = PBXFileReference; lastKnownFileType = sourcecode.swift; path = CopyPasteLauncher.swift; sourceTree = "<group>"; };
		C00000000000000000000020 /* Signing.xcconfig */ = {isa = PBXFileReference; lastKnownFileType = text.xcconfig; path = Signing.xcconfig; sourceTree = "<group>"; };
		C00000000000000000000021 /* Signing.local.xcconfig.example */ = {isa = PBXFileReference; lastKnownFileType = text.xcconfig; path = Signing.local.xcconfig.example; sourceTree = "<group>"; };
/* End PBXFileReference section */

/* Begin PBXFrameworksBuildPhase section */
		D00000000000000000000001 /* Frameworks */ = {
			isa = PBXFrameworksBuildPhase;
			buildActionMask = 2147483647;
			files = (
			);
			runOnlyForDeploymentPostprocessing = 0;
		};
/* End PBXFrameworksBuildPhase section */

/* Begin PBXGroup section */
		E00000000000000000000001 = {
			isa = PBXGroup;
			children = (
				E00000000000000000000002 /* CopyPaste */,
				E00000000000000000000006 /* CopyPasteLauncher */,
				E00000000000000000000003 /* Resources */,
				E00000000000000000000007 /* Config */,
				E00000000000000000000004 /* Xcode */,
				E00000000000000000000005 /* Products */,
			);
			sourceTree = "<group>";
		};
		E00000000000000000000002 /* CopyPaste */ = {
			isa = PBXGroup;
			children = (
				C00000000000000000000001 /* AppModel.swift */,
				C00000000000000000000002 /* ClipboardHistoryEncryption.swift */,
				C00000000000000000000003 /* ClipboardHistoryLayout.swift */,
				C00000000000000000000004 /* ClipboardHistoryPanelController.swift */,
				C00000000000000000000005 /* ClipboardHistoryView.swift */,
				C00000000000000000000006 /* ClipboardItem.swift */,
				C00000000000000000000007 /* ClipboardStore.swift */,
				C00000000000000000000008 /* CopyPasteApp.swift */,
				C00000000000000000000009 /* HistoryWindowSupport.swift */,
				C00000000000000000000010 /* HotkeyManager.swift */,
				C00000000000000000000011 /* LaunchAtLoginController.swift */,
				C00000000000000000000012 /* PasteController.swift */,
				C00000000000000000000013 /* PasteMode.swift */,
				C00000000000000000000014 /* SettingsView.swift */,
				C00000000000000000000015 /* SingleInstanceController.swift */,
			);
			path = Sources/CopyPaste;
			sourceTree = "<group>";
		};
		E00000000000000000000003 /* Resources */ = {
			isa = PBXGroup;
			children = (
				C00000000000000000000016 /* AppIcon.icns */,
			);
			path = Resources;
			sourceTree = "<group>";
		};
		E00000000000000000000004 /* Xcode */ = {
			isa = PBXGroup;
			children = (
				C00000000000000000000017 /* Info.plist */,
			);
			path = Xcode;
			sourceTree = "<group>";
		};
		E00000000000000000000005 /* Products */ = {
			isa = PBXGroup;
			children = (
				C00000000000000000000018 /* CopyPaste.app */,
			);
			name = Products;
			sourceTree = "<group>";
		};
		E00000000000000000000006 /* CopyPasteLauncher */ = {
			isa = PBXGroup;
			children = (
				C00000000000000000000019 /* CopyPasteLauncher.swift */,
			);
			path = Sources/CopyPasteLauncher;
			sourceTree = "<group>";
		};
		E00000000000000000000007 /* Config */ = {
			isa = PBXGroup;
			children = (
				C00000000000000000000020 /* Signing.xcconfig */,
				C00000000000000000000021 /* Signing.local.xcconfig.example */,
			);
			path = Config;
			sourceTree = "<group>";
		};
/* End PBXGroup section */

/* Begin PBXNativeTarget section */
		A00000000000000000000001 /* CopyPaste */ = {
			isa = PBXNativeTarget;
			buildConfigurationList = F00000000000000000000002 /* Build configuration list for PBXNativeTarget "CopyPaste" */;
			buildPhases = (
				D00000000000000000000002 /* Sources */,
				D00000000000000000000001 /* Frameworks */,
				D00000000000000000000003 /* Resources */,
			);
			buildRules = (
			);
			dependencies = (
			);
			name = CopyPaste;
			productName = CopyPaste;
			productReference = C00000000000000000000018 /* CopyPaste.app */;
			productType = "com.apple.product-type.application";
		};
/* End PBXNativeTarget section */

/* Begin PBXProject section */
		A00000000000000000000002 /* Project object */ = {
			isa = PBXProject;
			attributes = {
				BuildIndependentTargetsInParallel = 1;
				LastSwiftUpdateCheck = 1530;
				LastUpgradeCheck = 1530;
				TargetAttributes = {
					A00000000000000000000001 = {
						CreatedOnToolsVersion = 15.3;
					};
				};
			};
			buildConfigurationList = F00000000000000000000001 /* Build configuration list for PBXProject "CopyPaste" */;
			compatibilityVersion = "Xcode 14.0";
			developmentRegion = en;
			hasScannedForEncodings = 0;
			knownRegions = (
				en,
				Base,
			);
			mainGroup = E00000000000000000000001;
			productRefGroup = E00000000000000000000005 /* Products */;
			projectDirPath = "";
			projectRoot = "";
			targets = (
				A00000000000000000000001 /* CopyPaste */,
			);
		};
/* End PBXProject section */

/* Begin PBXResourcesBuildPhase section */
		D00000000000000000000003 /* Resources */ = {
			isa = PBXResourcesBuildPhase;
			buildActionMask = 2147483647;
			files = (
				B00000000000000000000016 /* AppIcon.icns in Resources */,
			);
			runOnlyForDeploymentPostprocessing = 0;
		};
/* End PBXResourcesBuildPhase section */

/* Begin PBXSourcesBuildPhase section */
		D00000000000000000000002 /* Sources */ = {
			isa = PBXSourcesBuildPhase;
			buildActionMask = 2147483647;
			files = (
				B00000000000000000000001 /* AppModel.swift in Sources */,
				B00000000000000000000002 /* ClipboardHistoryEncryption.swift in Sources */,
				B00000000000000000000003 /* ClipboardHistoryLayout.swift in Sources */,
				B00000000000000000000004 /* ClipboardHistoryPanelController.swift in Sources */,
				B00000000000000000000005 /* ClipboardHistoryView.swift in Sources */,
				B00000000000000000000006 /* ClipboardItem.swift in Sources */,
				B00000000000000000000007 /* ClipboardStore.swift in Sources */,
				B00000000000000000000008 /* CopyPasteApp.swift in Sources */,
				B00000000000000000000009 /* HistoryWindowSupport.swift in Sources */,
				B00000000000000000000010 /* HotkeyManager.swift in Sources */,
				B00000000000000000000011 /* LaunchAtLoginController.swift in Sources */,
				B00000000000000000000012 /* PasteController.swift in Sources */,
				B00000000000000000000013 /* PasteMode.swift in Sources */,
				B00000000000000000000014 /* SettingsView.swift in Sources */,
				B00000000000000000000015 /* SingleInstanceController.swift in Sources */,
				B00000000000000000000017 /* CopyPasteLauncher.swift in Sources */,
			);
			runOnlyForDeploymentPostprocessing = 0;
		};
/* End PBXSourcesBuildPhase section */

/* Begin XCBuildConfiguration section */
		F00000000000000000000003 /* Debug */ = {
			isa = XCBuildConfiguration;
			buildSettings = {
				ALWAYS_SEARCH_USER_PATHS = NO;
				CLANG_ENABLE_MODULES = YES;
				CLANG_ENABLE_OBJC_ARC = YES;
				CLANG_WARN_BLOCK_CAPTURE_AUTORELEASING = YES;
				CLANG_WARN_BOOL_CONVERSION = YES;
				CLANG_WARN_COMMA = YES;
				CLANG_WARN_CONSTANT_CONVERSION = YES;
				CLANG_WARN_DEPRECATED_OBJC_IMPLEMENTATIONS = YES;
				CLANG_WARN_DIRECT_OBJC_ISA_USAGE = YES_ERROR;
				CLANG_WARN_DOCUMENTATION_COMMENTS = YES;
				CLANG_WARN_EMPTY_BODY = YES;
				CLANG_WARN_ENUM_CONVERSION = YES;
				CLANG_WARN_INFINITE_RECURSION = YES;
				CLANG_WARN_INT_CONVERSION = YES;
				CLANG_WARN_NON_LITERAL_NULL_CONVERSION = YES;
				CLANG_WARN_OBJC_IMPLICIT_RETAIN_SELF = YES;
				CLANG_WARN_OBJC_LITERAL_CONVERSION = YES;
				CLANG_WARN_OBJC_ROOT_CLASS = YES_ERROR;
				CLANG_WARN_QUOTED_INCLUDE_IN_FRAMEWORK_HEADER = YES;
				CLANG_WARN_RANGE_LOOP_ANALYSIS = YES;
				CLANG_WARN_STRICT_PROTOTYPES = YES;
				CLANG_WARN_SUSPICIOUS_MOVE = YES;
				CLANG_WARN_UNGUARDED_AVAILABILITY = YES_AGGRESSIVE;
				CLANG_WARN_UNREACHABLE_CODE = YES;
				CLANG_WARN__DUPLICATE_METHOD_MATCH = YES;
				COPY_PHASE_STRIP = NO;
				DEBUG_INFORMATION_FORMAT = dwarf;
				ENABLE_STRICT_OBJC_MSGSEND = YES;
				ENABLE_TESTABILITY = YES;
				ENABLE_USER_SCRIPT_SANDBOXING = YES;
				GCC_C_LANGUAGE_STANDARD = gnu17;
				GCC_DYNAMIC_NO_PIC = NO;
				GCC_NO_COMMON_BLOCKS = YES;
				GCC_OPTIMIZATION_LEVEL = 0;
				GCC_PREPROCESSOR_DEFINITIONS = (
					"DEBUG=1",
					"$(inherited)",
				);
				GCC_WARN_64_TO_32_BIT_CONVERSION = YES;
				GCC_WARN_ABOUT_RETURN_TYPE = YES_ERROR;
				GCC_WARN_UNDECLARED_SELECTOR = YES;
				GCC_WARN_UNINITIALIZED_AUTOS = YES_AGGRESSIVE;
				GCC_WARN_UNUSED_FUNCTION = YES;
				GCC_WARN_UNUSED_VARIABLE = YES;
				MACOSX_DEPLOYMENT_TARGET = 13.0;
				MTL_ENABLE_DEBUG_INFO = INCLUDE_SOURCE;
				MTL_FAST_MATH = YES;
				ONLY_ACTIVE_ARCH = YES;
				SDKROOT = macosx;
				SWIFT_ACTIVE_COMPILATION_CONDITIONS = DEBUG;
				SWIFT_OPTIMIZATION_LEVEL = "-Onone";
			};
			name = Debug;
		};
		F00000000000000000000004 /* Release */ = {
			isa = XCBuildConfiguration;
			buildSettings = {
				ALWAYS_SEARCH_USER_PATHS = NO;
				CLANG_ENABLE_MODULES = YES;
				CLANG_ENABLE_OBJC_ARC = YES;
				CLANG_WARN_BLOCK_CAPTURE_AUTORELEASING = YES;
				CLANG_WARN_BOOL_CONVERSION = YES;
				CLANG_WARN_COMMA = YES;
				CLANG_WARN_CONSTANT_CONVERSION = YES;
				CLANG_WARN_DEPRECATED_OBJC_IMPLEMENTATIONS = YES;
				CLANG_WARN_DIRECT_OBJC_ISA_USAGE = YES_ERROR;
				CLANG_WARN_DOCUMENTATION_COMMENTS = YES;
				CLANG_WARN_EMPTY_BODY = YES;
				CLANG_WARN_ENUM_CONVERSION = YES;
				CLANG_WARN_INFINITE_RECURSION = YES;
				CLANG_WARN_INT_CONVERSION = YES;
				CLANG_WARN_NON_LITERAL_NULL_CONVERSION = YES;
				CLANG_WARN_OBJC_IMPLICIT_RETAIN_SELF = YES;
				CLANG_WARN_OBJC_LITERAL_CONVERSION = YES;
				CLANG_WARN_OBJC_ROOT_CLASS = YES_ERROR;
				CLANG_WARN_QUOTED_INCLUDE_IN_FRAMEWORK_HEADER = YES;
				CLANG_WARN_RANGE_LOOP_ANALYSIS = YES;
				CLANG_WARN_STRICT_PROTOTYPES = YES;
				CLANG_WARN_SUSPICIOUS_MOVE = YES;
				CLANG_WARN_UNGUARDED_AVAILABILITY = YES_AGGRESSIVE;
				CLANG_WARN_UNREACHABLE_CODE = YES;
				CLANG_WARN__DUPLICATE_METHOD_MATCH = YES;
				COPY_PHASE_STRIP = NO;
				DEBUG_INFORMATION_FORMAT = "dwarf-with-dsym";
				ENABLE_NS_ASSERTIONS = NO;
				ENABLE_STRICT_OBJC_MSGSEND = YES;
				ENABLE_USER_SCRIPT_SANDBOXING = YES;
				GCC_C_LANGUAGE_STANDARD = gnu17;
				GCC_NO_COMMON_BLOCKS = YES;
				GCC_WARN_64_TO_32_BIT_CONVERSION = YES;
				GCC_WARN_ABOUT_RETURN_TYPE = YES_ERROR;
				GCC_WARN_UNDECLARED_SELECTOR = YES;
				GCC_WARN_UNINITIALIZED_AUTOS = YES_AGGRESSIVE;
				GCC_WARN_UNUSED_FUNCTION = YES;
				GCC_WARN_UNUSED_VARIABLE = YES;
				MACOSX_DEPLOYMENT_TARGET = 13.0;
				MTL_ENABLE_DEBUG_INFO = NO;
				MTL_FAST_MATH = YES;
				SDKROOT = macosx;
				SWIFT_COMPILATION_MODE = wholemodule;
				SWIFT_OPTIMIZATION_LEVEL = "-O";
			};
			name = Release;
		};
		F00000000000000000000005 /* Debug */ = {
			isa = XCBuildConfiguration;
			baseConfigurationReference = C00000000000000000000020 /* Signing.xcconfig */;
			buildSettings = {
				"CODE_SIGN_IDENTITY[sdk=macosx*]" = "Apple Development";
				CODE_SIGN_STYLE = Automatic;
				CURRENT_PROJECT_VERSION = 2;
				DEVELOPMENT_TEAM = "$(inherited)";
				ENABLE_HARDENED_RUNTIME = YES;
				GENERATE_INFOPLIST_FILE = NO;
				INFOPLIST_FILE = Xcode/Info.plist;
				LD_RUNPATH_SEARCH_PATHS = (
					"$(inherited)",
					"@executable_path/../Frameworks",
				);
				MARKETING_VERSION = 0.2;
				PRODUCT_BUNDLE_IDENTIFIER = com.warrfie.copypaste;
				PRODUCT_NAME = CopyPaste;
				SDKROOT = macosx;
				SWIFT_EMIT_LOC_STRINGS = YES;
				SWIFT_VERSION = 5.0;
			};
			name = Debug;
		};
		F00000000000000000000006 /* Release */ = {
			isa = XCBuildConfiguration;
			baseConfigurationReference = C00000000000000000000020 /* Signing.xcconfig */;
			buildSettings = {
				CODE_SIGN_STYLE = Automatic;
				CURRENT_PROJECT_VERSION = 2;
				DEVELOPMENT_TEAM = "$(inherited)";
				ENABLE_HARDENED_RUNTIME = YES;
				GENERATE_INFOPLIST_FILE = NO;
				INFOPLIST_FILE = Xcode/Info.plist;
				LD_RUNPATH_SEARCH_PATHS = (
					"$(inherited)",
					"@executable_path/../Frameworks",
				);
				MARKETING_VERSION = 0.2;
				PRODUCT_BUNDLE_IDENTIFIER = com.warrfie.copypaste;
				PRODUCT_NAME = CopyPaste;
				SDKROOT = macosx;
				SWIFT_EMIT_LOC_STRINGS = YES;
				SWIFT_VERSION = 5.0;
			};
			name = Release;
		};
/* End XCBuildConfiguration section */

/* Begin XCConfigurationList section */
		F00000000000000000000001 /* Build configuration list for PBXProject "CopyPaste" */ = {
			isa = XCConfigurationList;
			buildConfigurations = (
				F00000000000000000000003 /* Debug */,
				F00000000000000000000004 /* Release */,
			);
			defaultConfigurationIsVisible = 0;
			defaultConfigurationName = Release;
		};
		F00000000000000000000002 /* Build configuration list for PBXNativeTarget "CopyPaste" */ = {
			isa = XCConfigurationList;
			buildConfigurations = (
				F00000000000000000000005 /* Debug */,
				F00000000000000000000006 /* Release */,
			);
			defaultConfigurationIsVisible = 0;
			defaultConfigurationName = Release;
		};
/* End XCConfigurationList section */
	};
	rootObject = A00000000000000000000002 /* Project object */;
}
